
Microsoft Visual Studio Solution File, Format Version 9.00
# Visual Studio 2005
Project("{8BC9CEB8-8B4A-11D0-8D11-00A0C91BC942}") = "createkml", "createkml.vcproj", "{2D08AB30-4254-479F-9EF0-67E5C1EE2E64}"
EndProject
Project("{8BC9CEB8-8B4A-11D0-8D11-00A0C91BC942}") = "change", "change.vcproj", "{9B2579EB-DF0E-4451-8A75-56A00A20C333}"
EndProject
Project("{8BC9CEB8-8B4A-11D0-8D11-00A0C91BC942}") = "csvregionator", "csvregionator.vcproj", "{12044D18-00ED-4AA1-906E-48D5B12A877D}"
EndProject
Project("{8BC9CEB8-8B4A-11D0-8D11-00A0C91BC942}") = "parsekml", "parsekml.vcproj", "{5ADB0151-CD72-4260-9A4A-5C2FA7D53F72}"
EndProject
Project("{8BC9CEB8-8B4A-11D0-8D11-00A0C91BC942}") = "prettykml", "prettykml.vcproj", "{FC3E952B-9781-4DE5-A26B-A2D1DC8F9646}"
EndProject
Project("{8BC9CEB8-8B4A-11D0-8D11-00A0C91BC942}") = "printstyle", "printstyle.vcproj", "{08F2DC19-28A2-4048-8706-9D8F03F659DA}"
EndProject
Project("{8BC9CEB8-8B4A-11D0-8D11-00A0C91BC942}") = "sortplacemarks", "sortplacemarks.vcproj", "{FCD0B93B-BBCE-452B-AE9D-D03427A04543}"
EndProject
Global
	GlobalSection(SolutionConfigurationPlatforms) = preSolution
		Debug|Win32 = Debug|Win32
		Release|Win32 = Release|Win32
	EndGlobalSection
	GlobalSection(ProjectConfigurationPlatforms) = postSolution
		{2D08AB30-4254-479F-9EF0-67E5C1EE2E64}.Debug|Win32.ActiveCfg = Debug|Win32
		{2D08AB30-4254-479F-9EF0-67E5C1EE2E64}.Debug|Win32.Build.0 = Debug|Win32
		{2D08AB30-4254-479F-9EF0-67E5C1EE2E64}.Release|Win32.ActiveCfg = Release|Win32
		{2D08AB30-4254-479F-9EF0-67E5C1EE2E64}.Release|Win32.Build.0 = Release|Win32
		{9B2579EB-DF0E-4451-8A75-56A00A20C333}.Debug|Win32.ActiveCfg = Debug|Win32
		{9B2579EB-DF0E-4451-8A75-56A00A20C333}.Debug|Win32.Build.0 = Debug|Win32
		{9B2579EB-DF0E-4451-8A75-56A00A20C333}.Release|Win32.ActiveCfg = Release|Win32
		{9B2579EB-DF0E-4451-8A75-56A00A20C333}.Release|Win32.Build.0 = Release|Win32
		{12044D18-00ED-4AA1-906E-48D5B12A877D}.Debug|Win32.ActiveCfg = Debug|Win32
		{12044D18-00ED-4AA1-906E-48D5B12A877D}.Debug|Win32.Build.0 = Debug|Win32
		{12044D18-00ED-4AA1-906E-48D5B12A877D}.Release|Win32.ActiveCfg = Release|Win32
		{12044D18-00ED-4AA1-906E-48D5B12A877D}.Release|Win32.Build.0 = Release|Win32
		{5ADB0151-CD72-4260-9A4A-5C2FA7D53F72}.Debug|Win32.ActiveCfg = Debug|Win32
		{5ADB0151-CD72-4260-9A4A-5C2FA7D53F72}.Debug|Win32.Build.0 = Debug|Win32
		{5ADB0151-CD72-4260-9A4A-5C2FA7D53F72}.Release|Win32.ActiveCfg = Release|Win32
		{5ADB0151-CD72-4260-9A4A-5C2FA7D53F72}.Release|Win32.Build.0 = Release|Win32
		{FC3E952B-9781-4DE5-A26B-A2D1DC8F9646}.Debug|Win32.ActiveCfg = Debug|Win32
		{FC3E952B-9781-4DE5-A26B-A2D1DC8F9646}.Debug|Win32.Build.0 = Debug|Win32
		{FC3E952B-9781-4DE5-A26B-A2D1DC8F9646}.Release|Win32.ActiveCfg = Release|Win32
		{FC3E952B-9781-4DE5-A26B-A2D1DC8F9646}.Release|Win32.Build.0 = Release|Win32
		{08F2DC19-28A2-4048-8706-9D8F03F659DA}.Debug|Win32.ActiveCfg = Debug|Win32
		{08F2DC19-28A2-4048-8706-9D8F03F659DA}.Debug|Win32.Build.0 = Debug|Win32
		{08F2DC19-28A2-4048-8706-9D8F03F659DA}.Release|Win32.ActiveCfg = Release|Win32
		{08F2DC19-28A2-4048-8706-9D8F03F659DA}.Release|Win32.Build.0 = Release|Win32
		{FCD0B93B-BBCE-452B-AE9D-D03427A04543}.Debug|Win32.ActiveCfg = Debug|Win32
		{FCD0B93B-BBCE-452B-AE9D-D03427A04543}.Debug|Win32.Build.0 = Debug|Win32
		{FCD0B93B-BBCE-452B-AE9D-D03427A04543}.Release|Win32.ActiveCfg = Release|Win32
		{FCD0B93B-BBCE-452B-AE9D-D03427A04543}.Release|Win32.Build.0 = Release|Win32
	EndGlobalSection
	GlobalSection(SolutionProperties) = preSolution
		HideSolutionNode = FALSE
	EndGlobalSection
EndGlobal
