
Microsoft Visual Studio Solution File, Format Version 9.00
# Visual Studio 2005
Project("{8BC9CEB8-8B4A-11D0-8D11-00A0C91BC942}") = "libkmldom", "src\libkmldom.vcproj", "{19484FD7-58B0-44DA-89CE-EADF0CF39E04}"
EndProject
Project("{8BC9CEB8-8B4A-11D0-8D11-00A0C91BC942}") = "libkmlutil", "src\libkmlutil.vcproj", "{DA5DEA8E-4DF5-4B36-BF1E-4760104149F0}"
EndProject
Global
	GlobalSection(SolutionConfigurationPlatforms) = preSolution
		Debug|Win32 = Debug|Win32
		Release|Win32 = Release|Win32
	EndGlobalSection
	GlobalSection(ProjectConfigurationPlatforms) = postSolution
		{19484FD7-58B0-44DA-89CE-EADF0CF39E04}.Debug|Win32.ActiveCfg = Debug|Win32
		{19484FD7-58B0-44DA-89CE-EADF0CF39E04}.Debug|Win32.Build.0 = Debug|Win32
		{19484FD7-58B0-44DA-89CE-EADF0CF39E04}.Release|Win32.ActiveCfg = Release|Win32
		{19484FD7-58B0-44DA-89CE-EADF0CF39E04}.Release|Win32.Build.0 = Release|Win32
		{DA5DEA8E-4DF5-4B36-BF1E-4760104149F0}.Debug|Win32.ActiveCfg = Debug|Win32
		{DA5DEA8E-4DF5-4B36-BF1E-4760104149F0}.Debug|Win32.Build.0 = Debug|Win32
		{DA5DEA8E-4DF5-4B36-BF1E-4760104149F0}.Release|Win32.ActiveCfg = Release|Win32
		{DA5DEA8E-4DF5-4B36-BF1E-4760104149F0}.Release|Win32.Build.0 = Release|Win32
	EndGlobalSection
	GlobalSection(SolutionProperties) = preSolution
		HideSolutionNode = FALSE
	EndGlobalSection
EndGlobal
