
Microsoft Visual Studio Solution File, Format Version 9.00
# Visual Studio 2005
Project("{8BC9CEB8-8B4A-11D0-8D11-00A0C91BC942}") = "libkmlbase_attributes_test", "libkmlbase_attributes_test.vcproj", "{83A3EA2A-7136-402D-84F3-C27EEEEBB667}"
EndProject
Project("{8BC9CEB8-8B4A-11D0-8D11-00A0C91BC942}") = "libkmlbase_color32_test", "libkmlbase_color32_test.vcproj", "{6284DC4F-7A81-46E2-A0A0-DBD2561F5BE3}"
EndProject
Project("{8BC9CEB8-8B4A-11D0-8D11-00A0C91BC942}") = "libkmlbase_date_time_test", "libkmlbase_date_time_test.vcproj", "{B6FC5EC3-F093-4227-A84A-A9576E653073}"
EndProject
Project("{8BC9CEB8-8B4A-11D0-8D11-00A0C91BC942}") = "libkmlbase_expat_handler_ns_test", "libkmlbase_expat_handler_ns_test.vcproj", "{40F654F1-0D8E-4726-951C-89887B5E6EF3}"
EndProject
Project("{8BC9CEB8-8B4A-11D0-8D11-00A0C91BC942}") = "libkmlbase_expat_parser_test", "libkmlbase_expat_parser_test.vcproj", "{30A2D480-75D8-4D4F-B662-D95F5846212D}"
EndProject
Project("{8BC9CEB8-8B4A-11D0-8D11-00A0C91BC942}") = "libkmlbase_file_test", "libkmlbase_file_test.vcproj", "{FDC010D5-4343-4075-8EDD-0E04426C175C}"
EndProject
Project("{8BC9CEB8-8B4A-11D0-8D11-00A0C91BC942}") = "libkmlbase_net_cache_test", "libkmlbase_net_cache_test.vcproj", "{59EBDC8B-063F-4DAF-BA06-01FE5826F2FD}"
EndProject
Project("{8BC9CEB8-8B4A-11D0-8D11-00A0C91BC942}") = "libkmlbase_referent_test", "libkmlbase_referent_test.vcproj", "{8953E553-CA92-41B1-A970-23925B300701}"
EndProject
Project("{8BC9CEB8-8B4A-11D0-8D11-00A0C91BC942}") = "libkmlbase_string_util_test", "libkmlbase_string_util_test.vcproj", "{D5AA32CC-0314-4D70-A0F3-FA525B5794D1}"
EndProject
Project("{8BC9CEB8-8B4A-11D0-8D11-00A0C91BC942}") = "libkmlbase_tempfile_test", "libkmlbase_tempfile_test.vcproj", "{5D60BA1F-8F64-47EE-9C4E-2F07E8383C74}"
EndProject
Project("{8BC9CEB8-8B4A-11D0-8D11-00A0C91BC942}") = "libkmlbase_time_util_test", "libkmlbase_time_util_test.vcproj", "{EBA60C33-26E5-4100-94D4-AE645F84A150}"
EndProject
Project("{8BC9CEB8-8B4A-11D0-8D11-00A0C91BC942}") = "libkmlbase_uri_parser_test", "libkmlbase_uri_parser_test.vcproj", "{5D8D461A-13C8-482B-8891-0F3CE3E08AE3}"
EndProject
Project("{8BC9CEB8-8B4A-11D0-8D11-00A0C91BC942}") = "libkmlbase_util_test", "libkmlbase_util_test.vcproj", "{BA02C512-E80F-44F3-B7AC-2AAEBB15A62A}"
EndProject
Project("{8BC9CEB8-8B4A-11D0-8D11-00A0C91BC942}") = "libkmlbase_vec3_test", "libkmlbase_vec3_test.vcproj", "{154C934B-25DB-4A50-8354-BEE0E4069B96}"
EndProject
Project("{8BC9CEB8-8B4A-11D0-8D11-00A0C91BC942}") = "libkmlbase_xmlns_test", "libkmlbase_xmlns_test.vcproj", "{0DF2ACF2-C78B-46F5-98D1-AEC304868946}"
EndProject
Project("{8BC9CEB8-8B4A-11D0-8D11-00A0C91BC942}") = "libkmldom_abstractlatlonbox_test", "libkmldom_abstractlatlonbox_test.vcproj", "{5C8F7209-3CC3-40D4-919D-AF1B1763E6C3}"
EndProject
Project("{8BC9CEB8-8B4A-11D0-8D11-00A0C91BC942}") = "libkmldom_abstractview_test", "libkmldom_abstractview_test.vcproj", "{B4005D9C-EBFF-4DEC-8ED8-6F909CFE0BFE}"
EndProject
Project("{8BC9CEB8-8B4A-11D0-8D11-00A0C91BC942}") = "libkmldom_atom_test", "libkmldom_atom_test.vcproj", "{DC725A39-6018-4C3C-84C3-A609BF230005}"
EndProject
Project("{8BC9CEB8-8B4A-11D0-8D11-00A0C91BC942}") = "libkmldom_balloonstyle_test", "libkmldom_balloonstyle_test.vcproj", "{9FBEFF61-C08F-4474-9D0E-AE01FD7B031C}"
EndProject
Project("{8BC9CEB8-8B4A-11D0-8D11-00A0C91BC942}") = "libkmldom_colorstyle_test", "libkmldom_colorstyle_test.vcproj", "{7EB79DCD-1100-4010-A153-C8D88DBC3C26}"
EndProject
Project("{8BC9CEB8-8B4A-11D0-8D11-00A0C91BC942}") = "libkmldom_document_test", "libkmldom_document_test.vcproj", "{1550C276-EF6D-4C55-99F2-A7DC80E86F28}"
EndProject
Project("{8BC9CEB8-8B4A-11D0-8D11-00A0C91BC942}") = "libkmldom_element_test", "libkmldom_element_test.vcproj", "{130A07BD-1BB7-448B-9F93-58C07E780C74}"
EndProject
Project("{8BC9CEB8-8B4A-11D0-8D11-00A0C91BC942}") = "libkmldom_extendeddata_test", "libkmldom_extendeddata_test.vcproj", "{8D8FB219-9A74-4BB6-A7A1-F600565CB824}"
EndProject
Project("{8BC9CEB8-8B4A-11D0-8D11-00A0C91BC942}") = "libkmldom_feature_test", "libkmldom_feature_test.vcproj", "{739A8E72-5C63-4DFD-9DEB-7E8C09778E0E}"
EndProject
Project("{8BC9CEB8-8B4A-11D0-8D11-00A0C91BC942}") = "libkmldom_folder_test", "libkmldom_folder_test.vcproj", "{4617444D-9743-4D3C-AF49-A27E8E6FC335}"
EndProject
Project("{8BC9CEB8-8B4A-11D0-8D11-00A0C91BC942}") = "libkmldom_geometry_test", "libkmldom_geometry_test.vcproj", "{D96C66D7-C6BF-4DE4-BE9A-11AB531A44EC}"
EndProject
Project("{8BC9CEB8-8B4A-11D0-8D11-00A0C91BC942}") = "libkmldom_hotspot_test", "libkmldom_hotspot_test.vcproj", "{587F33F6-50F7-4020-9CA4-7C8920EAB6F3}"
EndProject
Project("{8BC9CEB8-8B4A-11D0-8D11-00A0C91BC942}") = "libkmldom_iconstyle_test", "libkmldom_iconstyle_test.vcproj", "{D2A381F3-4A17-4492-AEDF-BFF761F760CA}"
EndProject
Project("{8BC9CEB8-8B4A-11D0-8D11-00A0C91BC942}") = "libkmldom_kml22_test", "libkmldom_kml22_test.vcproj", "{6F4D605F-3FD9-41B2-98A7-18AA787AF63A}"
EndProject
Project("{8BC9CEB8-8B4A-11D0-8D11-00A0C91BC942}") = "libkmldom_kml_cast_test", "libkmldom_kml_cast_test.vcproj", "{1F04290B-0E0F-46EA-B44A-6CAFBCB56B5F}"
EndProject
Project("{8BC9CEB8-8B4A-11D0-8D11-00A0C91BC942}") = "libkmldom_kml_factory_test", "libkmldom_kml_factory_test.vcproj", "{A6A561FD-BBB9-4BB7-B276-8C2C66BBCFF1}"
EndProject
Project("{8BC9CEB8-8B4A-11D0-8D11-00A0C91BC942}") = "libkmldom_kml_handler_ns_test", "libkmldom_kml_handler_ns_test.vcproj", "{5CA9487D-EDF9-4D01-859A-5599C5529CB8}"
EndProject
Project("{8BC9CEB8-8B4A-11D0-8D11-00A0C91BC942}") = "libkmldom_kml_handler_test", "libkmldom_kml_handler_test.vcproj", "{74478DB0-4AEE-4D29-8E75-8BBA5D687623}"
EndProject
Project("{8BC9CEB8-8B4A-11D0-8D11-00A0C91BC942}") = "libkmldom_kml_test", "libkmldom_kml_test.vcproj", "{34A516A5-1D93-4F05-AF71-0F33E2F6A8F7}"
EndProject
Project("{8BC9CEB8-8B4A-11D0-8D11-00A0C91BC942}") = "libkmldom_labelstyle_test", "libkmldom_labelstyle_test.vcproj", "{A1286FE5-0C6D-4E37-B115-27E6CF93BFE5}"
EndProject
Project("{8BC9CEB8-8B4A-11D0-8D11-00A0C91BC942}") = "libkmldom_linestyle_test", "libkmldom_linestyle_test.vcproj", "{2A72FBD5-82D1-4FD8-A3E5-B026DEEC1C52}"
EndProject
Project("{8BC9CEB8-8B4A-11D0-8D11-00A0C91BC942}") = "libkmldom_link_test", "libkmldom_link_test.vcproj", "{B9A7A602-5695-4B3E-B4C2-B2F56111DDF3}"
EndProject
Project("{8BC9CEB8-8B4A-11D0-8D11-00A0C91BC942}") = "libkmldom_liststyle_test", "libkmldom_liststyle_test.vcproj", "{43D63651-978D-42D2-BBBB-62EC5AFCD685}"
EndProject
Project("{8BC9CEB8-8B4A-11D0-8D11-00A0C91BC942}") = "libkmldom_model_test", "libkmldom_model_test.vcproj", "{CD5D2DA5-F3D8-4DA5-BDA5-862C95ED142E}"
EndProject
Project("{8BC9CEB8-8B4A-11D0-8D11-00A0C91BC942}") = "libkmldom_networklink_test", "libkmldom_networklink_test.vcproj", "{373A0F73-7A75-4C8C-91CB-A527670DF7AA}"
EndProject
Project("{8BC9CEB8-8B4A-11D0-8D11-00A0C91BC942}") = "libkmldom_networklinkcontrol_test", "libkmldom_networklinkcontrol_test.vcproj", "{75B47AA2-DF52-4A0D-A1BC-ABA283FDB410}"
EndProject
Project("{8BC9CEB8-8B4A-11D0-8D11-00A0C91BC942}") = "libkmldom_object_test", "libkmldom_object_test.vcproj", "{D9824487-9DEB-43DB-9D8E-204A90B70A16}"
EndProject
Project("{8BC9CEB8-8B4A-11D0-8D11-00A0C91BC942}") = "libkmldom_overlay_test", "libkmldom_overlay_test.vcproj", "{6E5FE3F9-1FEF-441C-942D-BC259251909F}"
EndProject
Project("{8BC9CEB8-8B4A-11D0-8D11-00A0C91BC942}") = "libkmldom_parser_test", "libkmldom_parser_test.vcproj", "{CC467174-4385-4AE7-B8AF-973E3C9FA800}"
EndProject
Project("{8BC9CEB8-8B4A-11D0-8D11-00A0C91BC942}") = "libkmldom_placemark_test", "libkmldom_placemark_test.vcproj", "{80C3682E-2229-4550-98FF-D7D4982177C4}"
EndProject
Project("{8BC9CEB8-8B4A-11D0-8D11-00A0C91BC942}") = "libkmldom_polystyle_test", "libkmldom_polystyle_test.vcproj", "{005F0E7E-E190-4CAE-9413-E096200B824D}"
EndProject
Project("{8BC9CEB8-8B4A-11D0-8D11-00A0C91BC942}") = "libkmldom_region_test", "libkmldom_region_test.vcproj", "{2552DF35-2221-4B7C-A17E-8BD70BDB5EFB}"
EndProject
Project("{8BC9CEB8-8B4A-11D0-8D11-00A0C91BC942}") = "libkmldom_schema_test", "libkmldom_schema_test.vcproj", "{2E3D47AF-EA9F-414F-853A-2622B4FD6112}"
EndProject
Project("{2150E333-8FDC-42A3-9474-1A3956D46DE8}") = "base", "base", "{882ADCF0-161C-4234-967B-0384572CD38D}"
EndProject
Project("{2150E333-8FDC-42A3-9474-1A3956D46DE8}") = "dom", "dom", "{CA73C3A5-8B5A-49DF-A83D-585497C0B35A}"
EndProject
Project("{8BC9CEB8-8B4A-11D0-8D11-00A0C91BC942}") = "libkmldom_serializer_test", "libkmldom_serializer_test.vcproj", "{4B8F7E86-1BC3-4C27-83AF-31397F08CD79}"
EndProject
Project("{8BC9CEB8-8B4A-11D0-8D11-00A0C91BC942}") = "libkmldom_snippet_test", "libkmldom_snippet_test.vcproj", "{0E6C5E38-FF5D-490E-BAC2-423471E850BF}"
EndProject
Project("{8BC9CEB8-8B4A-11D0-8D11-00A0C91BC942}") = "libkmldom_style_test", "libkmldom_style_test.vcproj", "{E9D6F224-92BA-45F4-8B01-3AA80854A670}"
EndProject
Project("{8BC9CEB8-8B4A-11D0-8D11-00A0C91BC942}") = "libkmldom_stylemap_test", "libkmldom_stylemap_test.vcproj", "{282D7198-6D29-4E38-938F-98DA31A12F4D}"
EndProject
Project("{8BC9CEB8-8B4A-11D0-8D11-00A0C91BC942}") = "libkmldom_styleselector_test", "libkmldom_styleselector_test.vcproj", "{17860B02-E9A0-4C9D-B0E9-491750E2D115}"
EndProject
Project("{8BC9CEB8-8B4A-11D0-8D11-00A0C91BC942}") = "libkmldom_substyle_test", "libkmldom_substyle_test.vcproj", "{AE6EFC76-B0C7-4A44-84FE-62463D8DF73F}"
EndProject
Project("{8BC9CEB8-8B4A-11D0-8D11-00A0C91BC942}") = "libkmldom_timeprimitive_test", "libkmldom_timeprimitive_test.vcproj", "{1D626053-1109-44E3-A417-47BF42E2F5F3}"
EndProject
Project("{8BC9CEB8-8B4A-11D0-8D11-00A0C91BC942}") = "libkmldom_unknown_test", "libkmldom_unknown_test.vcproj", "{C16868F5-8052-43C2-9EB1-AB632539F679}"
EndProject
Project("{8BC9CEB8-8B4A-11D0-8D11-00A0C91BC942}") = "libkmldom_vec2_test", "libkmldom_vec2_test.vcproj", "{653B1B8C-8900-4F00-8F5B-9F2D3D556D7F}"
EndProject
Project("{8BC9CEB8-8B4A-11D0-8D11-00A0C91BC942}") = "libkmldom_xal_test", "libkmldom_xal_test.vcproj", "{27B5CC95-74CB-4785-8B15-6774393A1B2F}"
EndProject
Project("{8BC9CEB8-8B4A-11D0-8D11-00A0C91BC942}") = "libkmldom_xml_serializer_test", "libkmldom_xml_serializer_test.vcproj", "{5101A346-7F4B-4BDD-81B2-1495641A8E62}"
EndProject
Project("{8BC9CEB8-8B4A-11D0-8D11-00A0C91BC942}") = "libkmldom_xsd_test", "libkmldom_xsd_test.vcproj", "{64011AD0-B81A-44F5-B6FC-820EEB6D4489}"
EndProject
Project("{8BC9CEB8-8B4A-11D0-8D11-00A0C91BC942}") = "libkmlbase_xml_namespaces_test", "libkmlbase_xml_namespaces_test.vcproj", "{0DF2ACF2-C78B-46F5-98D1-AEC304868947}"
EndProject
Project("{8BC9CEB8-8B4A-11D0-8D11-00A0C91BC942}") = "libkmlbase_math_util_test", "libkmlbase_math_util_test.vcproj", "{1A6962F6-E71B-47A0-87C9-AF3163D9DD29}"
EndProject
Project("{8BC9CEB8-8B4A-11D0-8D11-00A0C91BC942}") = "libkmlbase_xml_element_test", "libkmlbase_xml_element_test.vcproj", "{541695E6-42D1-4A0B-8560-FCC8B76895FB}"
EndProject
Project("{8BC9CEB8-8B4A-11D0-8D11-00A0C91BC942}") = "libkmlbase_xml_file_test", "libkmlbase_xml_file_test.vcproj", "{2C0BEB7A-E50C-465D-93B9-9F34866D4588}"
EndProject
Project("{8BC9CEB8-8B4A-11D0-8D11-00A0C91BC942}") = "libkmldom_container_test", "libkmldom_container_test.vcproj", "{93F3E605-C31C-42DF-B5BD-F2D9350C573A}"
EndProject
Project("{8BC9CEB8-8B4A-11D0-8D11-00A0C91BC942}") = "libkmldom_gx_timeprimitive_test", "libkmldom_gx_timeprimitive_test.vcproj", "{0676ACC5-8D37-4826-9904-A0E553D7279F}"
EndProject
Project("{8BC9CEB8-8B4A-11D0-8D11-00A0C91BC942}") = "libkmldom_gx_tour_test", "libkmldom_gx_tour_test.vcproj", "{20C5EDF1-34D3-4256-A810-8805B62835E0}"
EndProject
Project("{8BC9CEB8-8B4A-11D0-8D11-00A0C91BC942}") = "libkmlbase_version_test", "libkmlbase_version_test.vcproj", "{1D4C7789-A509-418D-AEDD-10DDA04940FB}"
EndProject
Global
	GlobalSection(SolutionConfigurationPlatforms) = preSolution
		Debug|Win32 = Debug|Win32
		Release|Win32 = Release|Win32
	EndGlobalSection
	GlobalSection(ProjectConfigurationPlatforms) = postSolution
		{83A3EA2A-7136-402D-84F3-C27EEEEBB667}.Debug|Win32.ActiveCfg = Debug|Win32
		{83A3EA2A-7136-402D-84F3-C27EEEEBB667}.Debug|Win32.Build.0 = Debug|Win32
		{83A3EA2A-7136-402D-84F3-C27EEEEBB667}.Release|Win32.ActiveCfg = Release|Win32
		{83A3EA2A-7136-402D-84F3-C27EEEEBB667}.Release|Win32.Build.0 = Release|Win32
		{6284DC4F-7A81-46E2-A0A0-DBD2561F5BE3}.Debug|Win32.ActiveCfg = Debug|Win32
		{6284DC4F-7A81-46E2-A0A0-DBD2561F5BE3}.Debug|Win32.Build.0 = Debug|Win32
		{6284DC4F-7A81-46E2-A0A0-DBD2561F5BE3}.Release|Win32.ActiveCfg = Release|Win32
		{6284DC4F-7A81-46E2-A0A0-DBD2561F5BE3}.Release|Win32.Build.0 = Release|Win32
		{B6FC5EC3-F093-4227-A84A-A9576E653073}.Debug|Win32.ActiveCfg = Debug|Win32
		{B6FC5EC3-F093-4227-A84A-A9576E653073}.Release|Win32.ActiveCfg = Release|Win32
		{40F654F1-0D8E-4726-951C-89887B5E6EF3}.Debug|Win32.ActiveCfg = Debug|Win32
		{40F654F1-0D8E-4726-951C-89887B5E6EF3}.Debug|Win32.Build.0 = Debug|Win32
		{40F654F1-0D8E-4726-951C-89887B5E6EF3}.Release|Win32.ActiveCfg = Release|Win32
		{40F654F1-0D8E-4726-951C-89887B5E6EF3}.Release|Win32.Build.0 = Release|Win32
		{30A2D480-75D8-4D4F-B662-D95F5846212D}.Debug|Win32.ActiveCfg = Debug|Win32
		{30A2D480-75D8-4D4F-B662-D95F5846212D}.Debug|Win32.Build.0 = Debug|Win32
		{30A2D480-75D8-4D4F-B662-D95F5846212D}.Release|Win32.ActiveCfg = Release|Win32
		{30A2D480-75D8-4D4F-B662-D95F5846212D}.Release|Win32.Build.0 = Release|Win32
		{FDC010D5-4343-4075-8EDD-0E04426C175C}.Debug|Win32.ActiveCfg = Debug|Win32
		{FDC010D5-4343-4075-8EDD-0E04426C175C}.Debug|Win32.Build.0 = Debug|Win32
		{FDC010D5-4343-4075-8EDD-0E04426C175C}.Release|Win32.ActiveCfg = Release|Win32
		{FDC010D5-4343-4075-8EDD-0E04426C175C}.Release|Win32.Build.0 = Release|Win32
		{59EBDC8B-063F-4DAF-BA06-01FE5826F2FD}.Debug|Win32.ActiveCfg = Debug|Win32
		{59EBDC8B-063F-4DAF-BA06-01FE5826F2FD}.Debug|Win32.Build.0 = Debug|Win32
		{59EBDC8B-063F-4DAF-BA06-01FE5826F2FD}.Release|Win32.ActiveCfg = Release|Win32
		{59EBDC8B-063F-4DAF-BA06-01FE5826F2FD}.Release|Win32.Build.0 = Release|Win32
		{8953E553-CA92-41B1-A970-23925B300701}.Debug|Win32.ActiveCfg = Debug|Win32
		{8953E553-CA92-41B1-A970-23925B300701}.Debug|Win32.Build.0 = Debug|Win32
		{8953E553-CA92-41B1-A970-23925B300701}.Release|Win32.ActiveCfg = Release|Win32
		{8953E553-CA92-41B1-A970-23925B300701}.Release|Win32.Build.0 = Release|Win32
		{D5AA32CC-0314-4D70-A0F3-FA525B5794D1}.Debug|Win32.ActiveCfg = Debug|Win32
		{D5AA32CC-0314-4D70-A0F3-FA525B5794D1}.Debug|Win32.Build.0 = Debug|Win32
		{D5AA32CC-0314-4D70-A0F3-FA525B5794D1}.Release|Win32.ActiveCfg = Release|Win32
		{D5AA32CC-0314-4D70-A0F3-FA525B5794D1}.Release|Win32.Build.0 = Release|Win32
		{5D60BA1F-8F64-47EE-9C4E-2F07E8383C74}.Debug|Win32.ActiveCfg = Debug|Win32
		{5D60BA1F-8F64-47EE-9C4E-2F07E8383C74}.Debug|Win32.Build.0 = Debug|Win32
		{5D60BA1F-8F64-47EE-9C4E-2F07E8383C74}.Release|Win32.ActiveCfg = Release|Win32
		{5D60BA1F-8F64-47EE-9C4E-2F07E8383C74}.Release|Win32.Build.0 = Release|Win32
		{EBA60C33-26E5-4100-94D4-AE645F84A150}.Debug|Win32.ActiveCfg = Debug|Win32
		{EBA60C33-26E5-4100-94D4-AE645F84A150}.Debug|Win32.Build.0 = Debug|Win32
		{EBA60C33-26E5-4100-94D4-AE645F84A150}.Release|Win32.ActiveCfg = Release|Win32
		{EBA60C33-26E5-4100-94D4-AE645F84A150}.Release|Win32.Build.0 = Release|Win32
		{5D8D461A-13C8-482B-8891-0F3CE3E08AE3}.Debug|Win32.ActiveCfg = Debug|Win32
		{5D8D461A-13C8-482B-8891-0F3CE3E08AE3}.Debug|Win32.Build.0 = Debug|Win32
		{5D8D461A-13C8-482B-8891-0F3CE3E08AE3}.Release|Win32.ActiveCfg = Release|Win32
		{5D8D461A-13C8-482B-8891-0F3CE3E08AE3}.Release|Win32.Build.0 = Release|Win32
		{BA02C512-E80F-44F3-B7AC-2AAEBB15A62A}.Debug|Win32.ActiveCfg = Debug|Win32
		{BA02C512-E80F-44F3-B7AC-2AAEBB15A62A}.Debug|Win32.Build.0 = Debug|Win32
		{BA02C512-E80F-44F3-B7AC-2AAEBB15A62A}.Release|Win32.ActiveCfg = Release|Win32
		{BA02C512-E80F-44F3-B7AC-2AAEBB15A62A}.Release|Win32.Build.0 = Release|Win32
		{154C934B-25DB-4A50-8354-BEE0E4069B96}.Debug|Win32.ActiveCfg = Debug|Win32
		{154C934B-25DB-4A50-8354-BEE0E4069B96}.Debug|Win32.Build.0 = Debug|Win32
		{154C934B-25DB-4A50-8354-BEE0E4069B96}.Release|Win32.ActiveCfg = Release|Win32
		{154C934B-25DB-4A50-8354-BEE0E4069B96}.Release|Win32.Build.0 = Release|Win32
		{0DF2ACF2-C78B-46F5-98D1-AEC304868946}.Debug|Win32.ActiveCfg = Debug|Win32
		{0DF2ACF2-C78B-46F5-98D1-AEC304868946}.Debug|Win32.Build.0 = Debug|Win32
		{0DF2ACF2-C78B-46F5-98D1-AEC304868946}.Release|Win32.ActiveCfg = Release|Win32
		{0DF2ACF2-C78B-46F5-98D1-AEC304868946}.Release|Win32.Build.0 = Release|Win32
		{5C8F7209-3CC3-40D4-919D-AF1B1763E6C3}.Debug|Win32.ActiveCfg = Debug|Win32
		{5C8F7209-3CC3-40D4-919D-AF1B1763E6C3}.Debug|Win32.Build.0 = Debug|Win32
		{5C8F7209-3CC3-40D4-919D-AF1B1763E6C3}.Release|Win32.ActiveCfg = Release|Win32
		{5C8F7209-3CC3-40D4-919D-AF1B1763E6C3}.Release|Win32.Build.0 = Release|Win32
		{B4005D9C-EBFF-4DEC-8ED8-6F909CFE0BFE}.Debug|Win32.ActiveCfg = Debug|Win32
		{B4005D9C-EBFF-4DEC-8ED8-6F909CFE0BFE}.Debug|Win32.Build.0 = Debug|Win32
		{B4005D9C-EBFF-4DEC-8ED8-6F909CFE0BFE}.Release|Win32.ActiveCfg = Release|Win32
		{B4005D9C-EBFF-4DEC-8ED8-6F909CFE0BFE}.Release|Win32.Build.0 = Release|Win32
		{DC725A39-6018-4C3C-84C3-A609BF230005}.Debug|Win32.ActiveCfg = Debug|Win32
		{DC725A39-6018-4C3C-84C3-A609BF230005}.Debug|Win32.Build.0 = Debug|Win32
		{DC725A39-6018-4C3C-84C3-A609BF230005}.Release|Win32.ActiveCfg = Release|Win32
		{DC725A39-6018-4C3C-84C3-A609BF230005}.Release|Win32.Build.0 = Release|Win32
		{9FBEFF61-C08F-4474-9D0E-AE01FD7B031C}.Debug|Win32.ActiveCfg = Debug|Win32
		{9FBEFF61-C08F-4474-9D0E-AE01FD7B031C}.Debug|Win32.Build.0 = Debug|Win32
		{9FBEFF61-C08F-4474-9D0E-AE01FD7B031C}.Release|Win32.ActiveCfg = Release|Win32
		{9FBEFF61-C08F-4474-9D0E-AE01FD7B031C}.Release|Win32.Build.0 = Release|Win32
		{7EB79DCD-1100-4010-A153-C8D88DBC3C26}.Debug|Win32.ActiveCfg = Debug|Win32
		{7EB79DCD-1100-4010-A153-C8D88DBC3C26}.Debug|Win32.Build.0 = Debug|Win32
		{7EB79DCD-1100-4010-A153-C8D88DBC3C26}.Release|Win32.ActiveCfg = Release|Win32
		{7EB79DCD-1100-4010-A153-C8D88DBC3C26}.Release|Win32.Build.0 = Release|Win32
		{1550C276-EF6D-4C55-99F2-A7DC80E86F28}.Debug|Win32.ActiveCfg = Debug|Win32
		{1550C276-EF6D-4C55-99F2-A7DC80E86F28}.Debug|Win32.Build.0 = Debug|Win32
		{1550C276-EF6D-4C55-99F2-A7DC80E86F28}.Release|Win32.ActiveCfg = Release|Win32
		{1550C276-EF6D-4C55-99F2-A7DC80E86F28}.Release|Win32.Build.0 = Release|Win32
		{130A07BD-1BB7-448B-9F93-58C07E780C74}.Debug|Win32.ActiveCfg = Debug|Win32
		{130A07BD-1BB7-448B-9F93-58C07E780C74}.Debug|Win32.Build.0 = Debug|Win32
		{130A07BD-1BB7-448B-9F93-58C07E780C74}.Release|Win32.ActiveCfg = Release|Win32
		{130A07BD-1BB7-448B-9F93-58C07E780C74}.Release|Win32.Build.0 = Release|Win32
		{8D8FB219-9A74-4BB6-A7A1-F600565CB824}.Debug|Win32.ActiveCfg = Debug|Win32
		{8D8FB219-9A74-4BB6-A7A1-F600565CB824}.Debug|Win32.Build.0 = Debug|Win32
		{8D8FB219-9A74-4BB6-A7A1-F600565CB824}.Release|Win32.ActiveCfg = Release|Win32
		{8D8FB219-9A74-4BB6-A7A1-F600565CB824}.Release|Win32.Build.0 = Release|Win32
		{739A8E72-5C63-4DFD-9DEB-7E8C09778E0E}.Debug|Win32.ActiveCfg = Debug|Win32
		{739A8E72-5C63-4DFD-9DEB-7E8C09778E0E}.Debug|Win32.Build.0 = Debug|Win32
		{739A8E72-5C63-4DFD-9DEB-7E8C09778E0E}.Release|Win32.ActiveCfg = Release|Win32
		{739A8E72-5C63-4DFD-9DEB-7E8C09778E0E}.Release|Win32.Build.0 = Release|Win32
		{4617444D-9743-4D3C-AF49-A27E8E6FC335}.Debug|Win32.ActiveCfg = Debug|Win32
		{4617444D-9743-4D3C-AF49-A27E8E6FC335}.Debug|Win32.Build.0 = Debug|Win32
		{4617444D-9743-4D3C-AF49-A27E8E6FC335}.Release|Win32.ActiveCfg = Release|Win32
		{4617444D-9743-4D3C-AF49-A27E8E6FC335}.Release|Win32.Build.0 = Release|Win32
		{D96C66D7-C6BF-4DE4-BE9A-11AB531A44EC}.Debug|Win32.ActiveCfg = Debug|Win32
		{D96C66D7-C6BF-4DE4-BE9A-11AB531A44EC}.Debug|Win32.Build.0 = Debug|Win32
		{D96C66D7-C6BF-4DE4-BE9A-11AB531A44EC}.Release|Win32.ActiveCfg = Release|Win32
		{D96C66D7-C6BF-4DE4-BE9A-11AB531A44EC}.Release|Win32.Build.0 = Release|Win32
		{587F33F6-50F7-4020-9CA4-7C8920EAB6F3}.Debug|Win32.ActiveCfg = Debug|Win32
		{587F33F6-50F7-4020-9CA4-7C8920EAB6F3}.Debug|Win32.Build.0 = Debug|Win32
		{587F33F6-50F7-4020-9CA4-7C8920EAB6F3}.Release|Win32.ActiveCfg = Release|Win32
		{587F33F6-50F7-4020-9CA4-7C8920EAB6F3}.Release|Win32.Build.0 = Release|Win32
		{D2A381F3-4A17-4492-AEDF-BFF761F760CA}.Debug|Win32.ActiveCfg = Debug|Win32
		{D2A381F3-4A17-4492-AEDF-BFF761F760CA}.Debug|Win32.Build.0 = Debug|Win32
		{D2A381F3-4A17-4492-AEDF-BFF761F760CA}.Release|Win32.ActiveCfg = Release|Win32
		{D2A381F3-4A17-4492-AEDF-BFF761F760CA}.Release|Win32.Build.0 = Release|Win32
		{6F4D605F-3FD9-41B2-98A7-18AA787AF63A}.Debug|Win32.ActiveCfg = Debug|Win32
		{6F4D605F-3FD9-41B2-98A7-18AA787AF63A}.Debug|Win32.Build.0 = Debug|Win32
		{6F4D605F-3FD9-41B2-98A7-18AA787AF63A}.Release|Win32.ActiveCfg = Release|Win32
		{6F4D605F-3FD9-41B2-98A7-18AA787AF63A}.Release|Win32.Build.0 = Release|Win32
		{1F04290B-0E0F-46EA-B44A-6CAFBCB56B5F}.Debug|Win32.ActiveCfg = Debug|Win32
		{1F04290B-0E0F-46EA-B44A-6CAFBCB56B5F}.Debug|Win32.Build.0 = Debug|Win32
		{1F04290B-0E0F-46EA-B44A-6CAFBCB56B5F}.Release|Win32.ActiveCfg = Release|Win32
		{1F04290B-0E0F-46EA-B44A-6CAFBCB56B5F}.Release|Win32.Build.0 = Release|Win32
		{A6A561FD-BBB9-4BB7-B276-8C2C66BBCFF1}.Debug|Win32.ActiveCfg = Debug|Win32
		{A6A561FD-BBB9-4BB7-B276-8C2C66BBCFF1}.Debug|Win32.Build.0 = Debug|Win32
		{A6A561FD-BBB9-4BB7-B276-8C2C66BBCFF1}.Release|Win32.ActiveCfg = Release|Win32
		{A6A561FD-BBB9-4BB7-B276-8C2C66BBCFF1}.Release|Win32.Build.0 = Release|Win32
		{5CA9487D-EDF9-4D01-859A-5599C5529CB8}.Debug|Win32.ActiveCfg = Debug|Win32
		{5CA9487D-EDF9-4D01-859A-5599C5529CB8}.Debug|Win32.Build.0 = Debug|Win32
		{5CA9487D-EDF9-4D01-859A-5599C5529CB8}.Release|Win32.ActiveCfg = Release|Win32
		{5CA9487D-EDF9-4D01-859A-5599C5529CB8}.Release|Win32.Build.0 = Release|Win32
		{74478DB0-4AEE-4D29-8E75-8BBA5D687623}.Debug|Win32.ActiveCfg = Debug|Win32
		{74478DB0-4AEE-4D29-8E75-8BBA5D687623}.Debug|Win32.Build.0 = Debug|Win32
		{74478DB0-4AEE-4D29-8E75-8BBA5D687623}.Release|Win32.ActiveCfg = Release|Win32
		{74478DB0-4AEE-4D29-8E75-8BBA5D687623}.Release|Win32.Build.0 = Release|Win32
		{34A516A5-1D93-4F05-AF71-0F33E2F6A8F7}.Debug|Win32.ActiveCfg = Debug|Win32
		{34A516A5-1D93-4F05-AF71-0F33E2F6A8F7}.Debug|Win32.Build.0 = Debug|Win32
		{34A516A5-1D93-4F05-AF71-0F33E2F6A8F7}.Release|Win32.ActiveCfg = Release|Win32
		{34A516A5-1D93-4F05-AF71-0F33E2F6A8F7}.Release|Win32.Build.0 = Release|Win32
		{A1286FE5-0C6D-4E37-B115-27E6CF93BFE5}.Debug|Win32.ActiveCfg = Debug|Win32
		{A1286FE5-0C6D-4E37-B115-27E6CF93BFE5}.Debug|Win32.Build.0 = Debug|Win32
		{A1286FE5-0C6D-4E37-B115-27E6CF93BFE5}.Release|Win32.ActiveCfg = Release|Win32
		{A1286FE5-0C6D-4E37-B115-27E6CF93BFE5}.Release|Win32.Build.0 = Release|Win32
		{2A72FBD5-82D1-4FD8-A3E5-B026DEEC1C52}.Debug|Win32.ActiveCfg = Debug|Win32
		{2A72FBD5-82D1-4FD8-A3E5-B026DEEC1C52}.Debug|Win32.Build.0 = Debug|Win32
		{2A72FBD5-82D1-4FD8-A3E5-B026DEEC1C52}.Release|Win32.ActiveCfg = Release|Win32
		{2A72FBD5-82D1-4FD8-A3E5-B026DEEC1C52}.Release|Win32.Build.0 = Release|Win32
		{B9A7A602-5695-4B3E-B4C2-B2F56111DDF3}.Debug|Win32.ActiveCfg = Debug|Win32
		{B9A7A602-5695-4B3E-B4C2-B2F56111DDF3}.Debug|Win32.Build.0 = Debug|Win32
		{B9A7A602-5695-4B3E-B4C2-B2F56111DDF3}.Release|Win32.ActiveCfg = Release|Win32
		{B9A7A602-5695-4B3E-B4C2-B2F56111DDF3}.Release|Win32.Build.0 = Release|Win32
		{43D63651-978D-42D2-BBBB-62EC5AFCD685}.Debug|Win32.ActiveCfg = Debug|Win32
		{43D63651-978D-42D2-BBBB-62EC5AFCD685}.Debug|Win32.Build.0 = Debug|Win32
		{43D63651-978D-42D2-BBBB-62EC5AFCD685}.Release|Win32.ActiveCfg = Release|Win32
		{43D63651-978D-42D2-BBBB-62EC5AFCD685}.Release|Win32.Build.0 = Release|Win32
		{CD5D2DA5-F3D8-4DA5-BDA5-862C95ED142E}.Debug|Win32.ActiveCfg = Debug|Win32
		{CD5D2DA5-F3D8-4DA5-BDA5-862C95ED142E}.Debug|Win32.Build.0 = Debug|Win32
		{CD5D2DA5-F3D8-4DA5-BDA5-862C95ED142E}.Release|Win32.ActiveCfg = Release|Win32
		{CD5D2DA5-F3D8-4DA5-BDA5-862C95ED142E}.Release|Win32.Build.0 = Release|Win32
		{373A0F73-7A75-4C8C-91CB-A527670DF7AA}.Debug|Win32.ActiveCfg = Debug|Win32
		{373A0F73-7A75-4C8C-91CB-A527670DF7AA}.Debug|Win32.Build.0 = Debug|Win32
		{373A0F73-7A75-4C8C-91CB-A527670DF7AA}.Release|Win32.ActiveCfg = Release|Win32
		{373A0F73-7A75-4C8C-91CB-A527670DF7AA}.Release|Win32.Build.0 = Release|Win32
		{75B47AA2-DF52-4A0D-A1BC-ABA283FDB410}.Debug|Win32.ActiveCfg = Debug|Win32
		{75B47AA2-DF52-4A0D-A1BC-ABA283FDB410}.Debug|Win32.Build.0 = Debug|Win32
		{75B47AA2-DF52-4A0D-A1BC-ABA283FDB410}.Release|Win32.ActiveCfg = Release|Win32
		{75B47AA2-DF52-4A0D-A1BC-ABA283FDB410}.Release|Win32.Build.0 = Release|Win32
		{D9824487-9DEB-43DB-9D8E-204A90B70A16}.Debug|Win32.ActiveCfg = Debug|Win32
		{D9824487-9DEB-43DB-9D8E-204A90B70A16}.Debug|Win32.Build.0 = Debug|Win32
		{D9824487-9DEB-43DB-9D8E-204A90B70A16}.Release|Win32.ActiveCfg = Release|Win32
		{D9824487-9DEB-43DB-9D8E-204A90B70A16}.Release|Win32.Build.0 = Release|Win32
		{6E5FE3F9-1FEF-441C-942D-BC259251909F}.Debug|Win32.ActiveCfg = Debug|Win32
		{6E5FE3F9-1FEF-441C-942D-BC259251909F}.Debug|Win32.Build.0 = Debug|Win32
		{6E5FE3F9-1FEF-441C-942D-BC259251909F}.Release|Win32.ActiveCfg = Release|Win32
		{6E5FE3F9-1FEF-441C-942D-BC259251909F}.Release|Win32.Build.0 = Release|Win32
		{CC467174-4385-4AE7-B8AF-973E3C9FA800}.Debug|Win32.ActiveCfg = Debug|Win32
		{CC467174-4385-4AE7-B8AF-973E3C9FA800}.Debug|Win32.Build.0 = Debug|Win32
		{CC467174-4385-4AE7-B8AF-973E3C9FA800}.Release|Win32.ActiveCfg = Release|Win32
		{CC467174-4385-4AE7-B8AF-973E3C9FA800}.Release|Win32.Build.0 = Release|Win32
		{80C3682E-2229-4550-98FF-D7D4982177C4}.Debug|Win32.ActiveCfg = Debug|Win32
		{80C3682E-2229-4550-98FF-D7D4982177C4}.Debug|Win32.Build.0 = Debug|Win32
		{80C3682E-2229-4550-98FF-D7D4982177C4}.Release|Win32.ActiveCfg = Release|Win32
		{80C3682E-2229-4550-98FF-D7D4982177C4}.Release|Win32.Build.0 = Release|Win32
		{005F0E7E-E190-4CAE-9413-E096200B824D}.Debug|Win32.ActiveCfg = Debug|Win32
		{005F0E7E-E190-4CAE-9413-E096200B824D}.Debug|Win32.Build.0 = Debug|Win32
		{005F0E7E-E190-4CAE-9413-E096200B824D}.Release|Win32.ActiveCfg = Release|Win32
		{005F0E7E-E190-4CAE-9413-E096200B824D}.Release|Win32.Build.0 = Release|Win32
		{2552DF35-2221-4B7C-A17E-8BD70BDB5EFB}.Debug|Win32.ActiveCfg = Debug|Win32
		{2552DF35-2221-4B7C-A17E-8BD70BDB5EFB}.Debug|Win32.Build.0 = Debug|Win32
		{2552DF35-2221-4B7C-A17E-8BD70BDB5EFB}.Release|Win32.ActiveCfg = Release|Win32
		{2552DF35-2221-4B7C-A17E-8BD70BDB5EFB}.Release|Win32.Build.0 = Release|Win32
		{2E3D47AF-EA9F-414F-853A-2622B4FD6112}.Debug|Win32.ActiveCfg = Debug|Win32
		{2E3D47AF-EA9F-414F-853A-2622B4FD6112}.Debug|Win32.Build.0 = Debug|Win32
		{2E3D47AF-EA9F-414F-853A-2622B4FD6112}.Release|Win32.ActiveCfg = Release|Win32
		{2E3D47AF-EA9F-414F-853A-2622B4FD6112}.Release|Win32.Build.0 = Release|Win32
		{4B8F7E86-1BC3-4C27-83AF-31397F08CD79}.Debug|Win32.ActiveCfg = Debug|Win32
		{4B8F7E86-1BC3-4C27-83AF-31397F08CD79}.Debug|Win32.Build.0 = Debug|Win32
		{4B8F7E86-1BC3-4C27-83AF-31397F08CD79}.Release|Win32.ActiveCfg = Release|Win32
		{4B8F7E86-1BC3-4C27-83AF-31397F08CD79}.Release|Win32.Build.0 = Release|Win32
		{0E6C5E38-FF5D-490E-BAC2-423471E850BF}.Debug|Win32.ActiveCfg = Debug|Win32
		{0E6C5E38-FF5D-490E-BAC2-423471E850BF}.Debug|Win32.Build.0 = Debug|Win32
		{0E6C5E38-FF5D-490E-BAC2-423471E850BF}.Release|Win32.ActiveCfg = Release|Win32
		{0E6C5E38-FF5D-490E-BAC2-423471E850BF}.Release|Win32.Build.0 = Release|Win32
		{E9D6F224-92BA-45F4-8B01-3AA80854A670}.Debug|Win32.ActiveCfg = Debug|Win32
		{E9D6F224-92BA-45F4-8B01-3AA80854A670}.Debug|Win32.Build.0 = Debug|Win32
		{E9D6F224-92BA-45F4-8B01-3AA80854A670}.Release|Win32.ActiveCfg = Release|Win32
		{E9D6F224-92BA-45F4-8B01-3AA80854A670}.Release|Win32.Build.0 = Release|Win32
		{282D7198-6D29-4E38-938F-98DA31A12F4D}.Debug|Win32.ActiveCfg = Debug|Win32
		{282D7198-6D29-4E38-938F-98DA31A12F4D}.Debug|Win32.Build.0 = Debug|Win32
		{282D7198-6D29-4E38-938F-98DA31A12F4D}.Release|Win32.ActiveCfg = Release|Win32
		{282D7198-6D29-4E38-938F-98DA31A12F4D}.Release|Win32.Build.0 = Release|Win32
		{17860B02-E9A0-4C9D-B0E9-491750E2D115}.Debug|Win32.ActiveCfg = Debug|Win32
		{17860B02-E9A0-4C9D-B0E9-491750E2D115}.Debug|Win32.Build.0 = Debug|Win32
		{17860B02-E9A0-4C9D-B0E9-491750E2D115}.Release|Win32.ActiveCfg = Release|Win32
		{17860B02-E9A0-4C9D-B0E9-491750E2D115}.Release|Win32.Build.0 = Release|Win32
		{AE6EFC76-B0C7-4A44-84FE-62463D8DF73F}.Debug|Win32.ActiveCfg = Debug|Win32
		{AE6EFC76-B0C7-4A44-84FE-62463D8DF73F}.Debug|Win32.Build.0 = Debug|Win32
		{AE6EFC76-B0C7-4A44-84FE-62463D8DF73F}.Release|Win32.ActiveCfg = Release|Win32
		{AE6EFC76-B0C7-4A44-84FE-62463D8DF73F}.Release|Win32.Build.0 = Release|Win32
		{1D626053-1109-44E3-A417-47BF42E2F5F3}.Debug|Win32.ActiveCfg = Debug|Win32
		{1D626053-1109-44E3-A417-47BF42E2F5F3}.Debug|Win32.Build.0 = Debug|Win32
		{1D626053-1109-44E3-A417-47BF42E2F5F3}.Release|Win32.ActiveCfg = Release|Win32
		{1D626053-1109-44E3-A417-47BF42E2F5F3}.Release|Win32.Build.0 = Release|Win32
		{C16868F5-8052-43C2-9EB1-AB632539F679}.Debug|Win32.ActiveCfg = Debug|Win32
		{C16868F5-8052-43C2-9EB1-AB632539F679}.Debug|Win32.Build.0 = Debug|Win32
		{C16868F5-8052-43C2-9EB1-AB632539F679}.Release|Win32.ActiveCfg = Release|Win32
		{C16868F5-8052-43C2-9EB1-AB632539F679}.Release|Win32.Build.0 = Release|Win32
		{653B1B8C-8900-4F00-8F5B-9F2D3D556D7F}.Debug|Win32.ActiveCfg = Debug|Win32
		{653B1B8C-8900-4F00-8F5B-9F2D3D556D7F}.Debug|Win32.Build.0 = Debug|Win32
		{653B1B8C-8900-4F00-8F5B-9F2D3D556D7F}.Release|Win32.ActiveCfg = Release|Win32
		{653B1B8C-8900-4F00-8F5B-9F2D3D556D7F}.Release|Win32.Build.0 = Release|Win32
		{27B5CC95-74CB-4785-8B15-6774393A1B2F}.Debug|Win32.ActiveCfg = Debug|Win32
		{27B5CC95-74CB-4785-8B15-6774393A1B2F}.Debug|Win32.Build.0 = Debug|Win32
		{27B5CC95-74CB-4785-8B15-6774393A1B2F}.Release|Win32.ActiveCfg = Release|Win32
		{27B5CC95-74CB-4785-8B15-6774393A1B2F}.Release|Win32.Build.0 = Release|Win32
		{5101A346-7F4B-4BDD-81B2-1495641A8E62}.Debug|Win32.ActiveCfg = Debug|Win32
		{5101A346-7F4B-4BDD-81B2-1495641A8E62}.Debug|Win32.Build.0 = Debug|Win32
		{5101A346-7F4B-4BDD-81B2-1495641A8E62}.Release|Win32.ActiveCfg = Release|Win32
		{5101A346-7F4B-4BDD-81B2-1495641A8E62}.Release|Win32.Build.0 = Release|Win32
		{64011AD0-B81A-44F5-B6FC-820EEB6D4489}.Debug|Win32.ActiveCfg = Debug|Win32
		{64011AD0-B81A-44F5-B6FC-820EEB6D4489}.Debug|Win32.Build.0 = Debug|Win32
		{64011AD0-B81A-44F5-B6FC-820EEB6D4489}.Release|Win32.ActiveCfg = Release|Win32
		{64011AD0-B81A-44F5-B6FC-820EEB6D4489}.Release|Win32.Build.0 = Release|Win32
		{0DF2ACF2-C78B-46F5-98D1-AEC304868947}.Debug|Win32.ActiveCfg = Debug|Win32
		{0DF2ACF2-C78B-46F5-98D1-AEC304868947}.Debug|Win32.Build.0 = Debug|Win32
		{0DF2ACF2-C78B-46F5-98D1-AEC304868947}.Release|Win32.ActiveCfg = Release|Win32
		{0DF2ACF2-C78B-46F5-98D1-AEC304868947}.Release|Win32.Build.0 = Release|Win32
		{1A6962F6-E71B-47A0-87C9-AF3163D9DD29}.Debug|Win32.ActiveCfg = Debug|Win32
		{1A6962F6-E71B-47A0-87C9-AF3163D9DD29}.Debug|Win32.Build.0 = Debug|Win32
		{1A6962F6-E71B-47A0-87C9-AF3163D9DD29}.Release|Win32.ActiveCfg = Release|Win32
		{1A6962F6-E71B-47A0-87C9-AF3163D9DD29}.Release|Win32.Build.0 = Release|Win32
		{541695E6-42D1-4A0B-8560-FCC8B76895FB}.Debug|Win32.ActiveCfg = Debug|Win32
		{541695E6-42D1-4A0B-8560-FCC8B76895FB}.Debug|Win32.Build.0 = Debug|Win32
		{541695E6-42D1-4A0B-8560-FCC8B76895FB}.Release|Win32.ActiveCfg = Release|Win32
		{541695E6-42D1-4A0B-8560-FCC8B76895FB}.Release|Win32.Build.0 = Release|Win32
		{2C0BEB7A-E50C-465D-93B9-9F34866D4588}.Debug|Win32.ActiveCfg = Debug|Win32
		{2C0BEB7A-E50C-465D-93B9-9F34866D4588}.Debug|Win32.Build.0 = Debug|Win32
		{2C0BEB7A-E50C-465D-93B9-9F34866D4588}.Release|Win32.ActiveCfg = Release|Win32
		{2C0BEB7A-E50C-465D-93B9-9F34866D4588}.Release|Win32.Build.0 = Release|Win32
		{93F3E605-C31C-42DF-B5BD-F2D9350C573A}.Debug|Win32.ActiveCfg = Debug|Win32
		{93F3E605-C31C-42DF-B5BD-F2D9350C573A}.Debug|Win32.Build.0 = Debug|Win32
		{93F3E605-C31C-42DF-B5BD-F2D9350C573A}.Release|Win32.ActiveCfg = Release|Win32
		{93F3E605-C31C-42DF-B5BD-F2D9350C573A}.Release|Win32.Build.0 = Release|Win32
		{0676ACC5-8D37-4826-9904-A0E553D7279F}.Debug|Win32.ActiveCfg = Debug|Win32
		{0676ACC5-8D37-4826-9904-A0E553D7279F}.Debug|Win32.Build.0 = Debug|Win32
		{0676ACC5-8D37-4826-9904-A0E553D7279F}.Release|Win32.ActiveCfg = Release|Win32
		{0676ACC5-8D37-4826-9904-A0E553D7279F}.Release|Win32.Build.0 = Release|Win32
		{20C5EDF1-34D3-4256-A810-8805B62835E0}.Debug|Win32.ActiveCfg = Debug|Win32
		{20C5EDF1-34D3-4256-A810-8805B62835E0}.Debug|Win32.Build.0 = Debug|Win32
		{20C5EDF1-34D3-4256-A810-8805B62835E0}.Release|Win32.ActiveCfg = Release|Win32
		{20C5EDF1-34D3-4256-A810-8805B62835E0}.Release|Win32.Build.0 = Release|Win32
		{1D4C7789-A509-418D-AEDD-10DDA04940FB}.Debug|Win32.ActiveCfg = Debug|Win32
		{1D4C7789-A509-418D-AEDD-10DDA04940FB}.Debug|Win32.Build.0 = Debug|Win32
		{1D4C7789-A509-418D-AEDD-10DDA04940FB}.Release|Win32.ActiveCfg = Release|Win32
		{1D4C7789-A509-418D-AEDD-10DDA04940FB}.Release|Win32.Build.0 = Release|Win32
	EndGlobalSection
	GlobalSection(SolutionProperties) = preSolution
		HideSolutionNode = FALSE
	EndGlobalSection
	GlobalSection(NestedProjects) = preSolution
		{6284DC4F-7A81-46E2-A0A0-DBD2561F5BE3} = {882ADCF0-161C-4234-967B-0384572CD38D}
		{B6FC5EC3-F093-4227-A84A-A9576E653073} = {882ADCF0-161C-4234-967B-0384572CD38D}
		{40F654F1-0D8E-4726-951C-89887B5E6EF3} = {882ADCF0-161C-4234-967B-0384572CD38D}
		{30A2D480-75D8-4D4F-B662-D95F5846212D} = {882ADCF0-161C-4234-967B-0384572CD38D}
		{FDC010D5-4343-4075-8EDD-0E04426C175C} = {882ADCF0-161C-4234-967B-0384572CD38D}
		{59EBDC8B-063F-4DAF-BA06-01FE5826F2FD} = {882ADCF0-161C-4234-967B-0384572CD38D}
		{8953E553-CA92-41B1-A970-23925B300701} = {882ADCF0-161C-4234-967B-0384572CD38D}
		{D5AA32CC-0314-4D70-A0F3-FA525B5794D1} = {882ADCF0-161C-4234-967B-0384572CD38D}
		{5D60BA1F-8F64-47EE-9C4E-2F07E8383C74} = {882ADCF0-161C-4234-967B-0384572CD38D}
		{EBA60C33-26E5-4100-94D4-AE645F84A150} = {882ADCF0-161C-4234-967B-0384572CD38D}
		{5D8D461A-13C8-482B-8891-0F3CE3E08AE3} = {882ADCF0-161C-4234-967B-0384572CD38D}
		{BA02C512-E80F-44F3-B7AC-2AAEBB15A62A} = {882ADCF0-161C-4234-967B-0384572CD38D}
		{154C934B-25DB-4A50-8354-BEE0E4069B96} = {882ADCF0-161C-4234-967B-0384572CD38D}
		{0DF2ACF2-C78B-46F5-98D1-AEC304868946} = {882ADCF0-161C-4234-967B-0384572CD38D}
		{83A3EA2A-7136-402D-84F3-C27EEEEBB667} = {882ADCF0-161C-4234-967B-0384572CD38D}
		{0DF2ACF2-C78B-46F5-98D1-AEC304868947} = {882ADCF0-161C-4234-967B-0384572CD38D}
		{1A6962F6-E71B-47A0-87C9-AF3163D9DD29} = {882ADCF0-161C-4234-967B-0384572CD38D}
		{541695E6-42D1-4A0B-8560-FCC8B76895FB} = {882ADCF0-161C-4234-967B-0384572CD38D}
		{2C0BEB7A-E50C-465D-93B9-9F34866D4588} = {882ADCF0-161C-4234-967B-0384572CD38D}
		{1D4C7789-A509-418D-AEDD-10DDA04940FB} = {882ADCF0-161C-4234-967B-0384572CD38D}
		{B4005D9C-EBFF-4DEC-8ED8-6F909CFE0BFE} = {CA73C3A5-8B5A-49DF-A83D-585497C0B35A}
		{DC725A39-6018-4C3C-84C3-A609BF230005} = {CA73C3A5-8B5A-49DF-A83D-585497C0B35A}
		{9FBEFF61-C08F-4474-9D0E-AE01FD7B031C} = {CA73C3A5-8B5A-49DF-A83D-585497C0B35A}
		{7EB79DCD-1100-4010-A153-C8D88DBC3C26} = {CA73C3A5-8B5A-49DF-A83D-585497C0B35A}
		{1550C276-EF6D-4C55-99F2-A7DC80E86F28} = {CA73C3A5-8B5A-49DF-A83D-585497C0B35A}
		{130A07BD-1BB7-448B-9F93-58C07E780C74} = {CA73C3A5-8B5A-49DF-A83D-585497C0B35A}
		{8D8FB219-9A74-4BB6-A7A1-F600565CB824} = {CA73C3A5-8B5A-49DF-A83D-585497C0B35A}
		{739A8E72-5C63-4DFD-9DEB-7E8C09778E0E} = {CA73C3A5-8B5A-49DF-A83D-585497C0B35A}
		{4617444D-9743-4D3C-AF49-A27E8E6FC335} = {CA73C3A5-8B5A-49DF-A83D-585497C0B35A}
		{D96C66D7-C6BF-4DE4-BE9A-11AB531A44EC} = {CA73C3A5-8B5A-49DF-A83D-585497C0B35A}
		{587F33F6-50F7-4020-9CA4-7C8920EAB6F3} = {CA73C3A5-8B5A-49DF-A83D-585497C0B35A}
		{D2A381F3-4A17-4492-AEDF-BFF761F760CA} = {CA73C3A5-8B5A-49DF-A83D-585497C0B35A}
		{6F4D605F-3FD9-41B2-98A7-18AA787AF63A} = {CA73C3A5-8B5A-49DF-A83D-585497C0B35A}
		{1F04290B-0E0F-46EA-B44A-6CAFBCB56B5F} = {CA73C3A5-8B5A-49DF-A83D-585497C0B35A}
		{A6A561FD-BBB9-4BB7-B276-8C2C66BBCFF1} = {CA73C3A5-8B5A-49DF-A83D-585497C0B35A}
		{5CA9487D-EDF9-4D01-859A-5599C5529CB8} = {CA73C3A5-8B5A-49DF-A83D-585497C0B35A}
		{74478DB0-4AEE-4D29-8E75-8BBA5D687623} = {CA73C3A5-8B5A-49DF-A83D-585497C0B35A}
		{34A516A5-1D93-4F05-AF71-0F33E2F6A8F7} = {CA73C3A5-8B5A-49DF-A83D-585497C0B35A}
		{A1286FE5-0C6D-4E37-B115-27E6CF93BFE5} = {CA73C3A5-8B5A-49DF-A83D-585497C0B35A}
		{2A72FBD5-82D1-4FD8-A3E5-B026DEEC1C52} = {CA73C3A5-8B5A-49DF-A83D-585497C0B35A}
		{B9A7A602-5695-4B3E-B4C2-B2F56111DDF3} = {CA73C3A5-8B5A-49DF-A83D-585497C0B35A}
		{43D63651-978D-42D2-BBBB-62EC5AFCD685} = {CA73C3A5-8B5A-49DF-A83D-585497C0B35A}
		{CD5D2DA5-F3D8-4DA5-BDA5-862C95ED142E} = {CA73C3A5-8B5A-49DF-A83D-585497C0B35A}
		{373A0F73-7A75-4C8C-91CB-A527670DF7AA} = {CA73C3A5-8B5A-49DF-A83D-585497C0B35A}
		{75B47AA2-DF52-4A0D-A1BC-ABA283FDB410} = {CA73C3A5-8B5A-49DF-A83D-585497C0B35A}
		{D9824487-9DEB-43DB-9D8E-204A90B70A16} = {CA73C3A5-8B5A-49DF-A83D-585497C0B35A}
		{6E5FE3F9-1FEF-441C-942D-BC259251909F} = {CA73C3A5-8B5A-49DF-A83D-585497C0B35A}
		{CC467174-4385-4AE7-B8AF-973E3C9FA800} = {CA73C3A5-8B5A-49DF-A83D-585497C0B35A}
		{80C3682E-2229-4550-98FF-D7D4982177C4} = {CA73C3A5-8B5A-49DF-A83D-585497C0B35A}
		{005F0E7E-E190-4CAE-9413-E096200B824D} = {CA73C3A5-8B5A-49DF-A83D-585497C0B35A}
		{2552DF35-2221-4B7C-A17E-8BD70BDB5EFB} = {CA73C3A5-8B5A-49DF-A83D-585497C0B35A}
		{2E3D47AF-EA9F-414F-853A-2622B4FD6112} = {CA73C3A5-8B5A-49DF-A83D-585497C0B35A}
		{5C8F7209-3CC3-40D4-919D-AF1B1763E6C3} = {CA73C3A5-8B5A-49DF-A83D-585497C0B35A}
		{4B8F7E86-1BC3-4C27-83AF-31397F08CD79} = {CA73C3A5-8B5A-49DF-A83D-585497C0B35A}
		{0E6C5E38-FF5D-490E-BAC2-423471E850BF} = {CA73C3A5-8B5A-49DF-A83D-585497C0B35A}
		{E9D6F224-92BA-45F4-8B01-3AA80854A670} = {CA73C3A5-8B5A-49DF-A83D-585497C0B35A}
		{282D7198-6D29-4E38-938F-98DA31A12F4D} = {CA73C3A5-8B5A-49DF-A83D-585497C0B35A}
		{17860B02-E9A0-4C9D-B0E9-491750E2D115} = {CA73C3A5-8B5A-49DF-A83D-585497C0B35A}
		{AE6EFC76-B0C7-4A44-84FE-62463D8DF73F} = {CA73C3A5-8B5A-49DF-A83D-585497C0B35A}
		{1D626053-1109-44E3-A417-47BF42E2F5F3} = {CA73C3A5-8B5A-49DF-A83D-585497C0B35A}
		{C16868F5-8052-43C2-9EB1-AB632539F679} = {CA73C3A5-8B5A-49DF-A83D-585497C0B35A}
		{653B1B8C-8900-4F00-8F5B-9F2D3D556D7F} = {CA73C3A5-8B5A-49DF-A83D-585497C0B35A}
		{27B5CC95-74CB-4785-8B15-6774393A1B2F} = {CA73C3A5-8B5A-49DF-A83D-585497C0B35A}
		{5101A346-7F4B-4BDD-81B2-1495641A8E62} = {CA73C3A5-8B5A-49DF-A83D-585497C0B35A}
		{64011AD0-B81A-44F5-B6FC-820EEB6D4489} = {CA73C3A5-8B5A-49DF-A83D-585497C0B35A}
		{93F3E605-C31C-42DF-B5BD-F2D9350C573A} = {CA73C3A5-8B5A-49DF-A83D-585497C0B35A}
		{0676ACC5-8D37-4826-9904-A0E553D7279F} = {CA73C3A5-8B5A-49DF-A83D-585497C0B35A}
		{20C5EDF1-34D3-4256-A810-8805B62835E0} = {CA73C3A5-8B5A-49DF-A83D-585497C0B35A}
	EndGlobalSection
EndGlobal
