<?xml version="1.0" encoding="utf-8"?>
<Project ToolsVersion="4.0" xmlns="http://schemas.microsoft.com/developer/msbuild/2003">
  <ItemGroup>
    <Filter Include="Source Files">
      <UniqueIdentifier>{4FC737F1-C7A5-4376-A066-2A32D752A2FF}</UniqueIdentifier>
      <Extensions>cpp;c;cc;cxx;def;odl;idl;hpj;bat;asm;asmx</Extensions>
    </Filter>
    <Filter Include="Header Files">
      <UniqueIdentifier>{93995380-89BD-4b04-88EB-625FBE52EBFB}</UniqueIdentifier>
      <Extensions>h;hpp;hxx;hm;inl;inc;xsd</Extensions>
    </Filter>
    <Filter Include="Resource Files">
      <UniqueIdentifier>{67DA6AB6-F800-4c08-8B7A-83BB121AAD01}</UniqueIdentifier>
      <Extensions>rc;ico;cur;bmp;dlg;rc2;rct;bin;rgs;gif;jpg;jpeg;jpe;resx;tiff;tif;png;wav</Extensions>
    </Filter>
  </ItemGroup>
  <ItemGroup>
    <ClCompile Include="..\src\kml\engine\clone.cc">
      <Filter>Source Files</Filter>
    </ClCompile>
    <ClCompile Include="..\src\kml\engine\entity_mapper.cc">
      <Filter>Source Files</Filter>
    </ClCompile>
    <ClCompile Include="..\src\kml\engine\feature_balloon.cc">
      <Filter>Source Files</Filter>
    </ClCompile>
    <ClCompile Include="..\src\kml\engine\feature_view.cc">
      <Filter>Source Files</Filter>
    </ClCompile>
    <ClCompile Include="..\src\kml\engine\feature_visitor.cc">
      <Filter>Source Files</Filter>
    </ClCompile>
    <ClCompile Include="..\src\kml\engine\find.cc">
      <Filter>Source Files</Filter>
    </ClCompile>
    <ClCompile Include="..\src\kml\engine\find_xml_namespaces.cc">
      <Filter>Source Files</Filter>
    </ClCompile>
    <ClCompile Include="..\src\kml\engine\get_link_parents.cc">
      <Filter>Source Files</Filter>
    </ClCompile>
    <ClCompile Include="..\src\kml\engine\get_links.cc">
      <Filter>Source Files</Filter>
    </ClCompile>
    <ClCompile Include="..\src\kml\engine\href.cc">
      <Filter>Source Files</Filter>
    </ClCompile>
    <ClCompile Include="..\src\kml\engine\id_mapper.cc">
      <Filter>Source Files</Filter>
    </ClCompile>
    <ClCompile Include="..\src\kml\engine\kml_cache.cc">
      <Filter>Source Files</Filter>
    </ClCompile>
    <ClCompile Include="..\src\kml\engine\kml_file.cc">
      <Filter>Source Files</Filter>
    </ClCompile>
    <ClCompile Include="..\src\kml\engine\kml_stream.cc">
      <Filter>Source Files</Filter>
    </ClCompile>
    <ClCompile Include="..\src\kml\engine\kml_uri.cc">
      <Filter>Source Files</Filter>
    </ClCompile>
    <ClCompile Include="..\src\kml\engine\kmz_cache.cc">
      <Filter>Source Files</Filter>
    </ClCompile>
    <ClCompile Include="..\src\kml\engine\kmz_file.cc">
      <Filter>Source Files</Filter>
    </ClCompile>
    <ClCompile Include="..\src\kml\engine\link_util.cc">
      <Filter>Source Files</Filter>
    </ClCompile>
    <ClCompile Include="..\src\kml\engine\location_util.cc">
      <Filter>Source Files</Filter>
    </ClCompile>
    <ClCompile Include="..\src\kml\engine\merge.cc">
      <Filter>Source Files</Filter>
    </ClCompile>
    <ClCompile Include="..\src\kml\engine\parse_old_schema.cc">
      <Filter>Source Files</Filter>
    </ClCompile>
    <ClCompile Include="..\src\stdafx.cpp">
      <Filter>Source Files</Filter>
    </ClCompile>
    <ClCompile Include="..\src\kml\engine\style_inliner.cc">
      <Filter>Source Files</Filter>
    </ClCompile>
    <ClCompile Include="..\src\kml\engine\style_merger.cc">
      <Filter>Source Files</Filter>
    </ClCompile>
    <ClCompile Include="..\src\kml\engine\style_resolver.cc">
      <Filter>Source Files</Filter>
    </ClCompile>
    <ClCompile Include="..\src\kml\engine\style_splitter.cc">
      <Filter>Source Files</Filter>
    </ClCompile>
    <ClCompile Include="..\src\kml\engine\update.cc">
      <Filter>Source Files</Filter>
    </ClCompile>
    <ClCompile Include="..\src\kml\engine\update_processor.cc">
      <Filter>Source Files</Filter>
    </ClCompile>
  </ItemGroup>
  <ItemGroup>
    <ClInclude Include="..\src\kml\engine\bbox.h">
      <Filter>Header Files</Filter>
    </ClInclude>
    <ClInclude Include="..\src\kml\engine\clone.h">
      <Filter>Header Files</Filter>
    </ClInclude>
    <ClInclude Include="..\src\kml\engine\engine_constants.h">
      <Filter>Header Files</Filter>
    </ClInclude>
    <ClInclude Include="..\src\kml\engine\engine_types.h">
      <Filter>Header Files</Filter>
    </ClInclude>
    <ClInclude Include="..\src\kml\engine\entity_mapper.h">
      <Filter>Header Files</Filter>
    </ClInclude>
    <ClInclude Include="..\src\kml\engine\feature_balloon.h">
      <Filter>Header Files</Filter>
    </ClInclude>
    <ClInclude Include="..\src\kml\engine\feature_view.h">
      <Filter>Header Files</Filter>
    </ClInclude>
    <ClInclude Include="..\src\kml\engine\feature_visitor.h">
      <Filter>Header Files</Filter>
    </ClInclude>
    <ClInclude Include="..\src\kml\engine\find.h">
      <Filter>Header Files</Filter>
    </ClInclude>
    <ClInclude Include="..\src\kml\engine\find_xml_namespaces.h">
      <Filter>Header Files</Filter>
    </ClInclude>
    <ClInclude Include="..\src\kml\engine\get_link_parents.h">
      <Filter>Header Files</Filter>
    </ClInclude>
    <ClInclude Include="..\src\kml\engine\get_links.h">
      <Filter>Header Files</Filter>
    </ClInclude>
    <ClInclude Include="..\src\kml\engine\href.h">
      <Filter>Header Files</Filter>
    </ClInclude>
    <ClInclude Include="..\src\kml\engine\id_mapper.h">
      <Filter>Header Files</Filter>
    </ClInclude>
    <ClInclude Include="..\src\kml\engine\id_mapper_internal.h">
      <Filter>Header Files</Filter>
    </ClInclude>
    <ClInclude Include="..\src\kml\engine\kml_cache.h">
      <Filter>Header Files</Filter>
    </ClInclude>
    <ClInclude Include="..\src\kml\engine\kml_file.h">
      <Filter>Header Files</Filter>
    </ClInclude>
    <ClInclude Include="..\src\kml\engine\kml_stream.h">
      <Filter>Header Files</Filter>
    </ClInclude>
    <ClInclude Include="..\src\kml\engine\kml_uri.h">
      <Filter>Header Files</Filter>
    </ClInclude>
    <ClInclude Include="..\src\kml\engine\kml_uri_internal.h">
      <Filter>Header Files</Filter>
    </ClInclude>
    <ClInclude Include="..\src\kml\engine\kmz_cache.h">
      <Filter>Header Files</Filter>
    </ClInclude>
    <ClInclude Include="..\src\kml\engine\kmz_file.h">
      <Filter>Header Files</Filter>
    </ClInclude>
    <ClInclude Include="..\src\kml\engine\link_util.h">
      <Filter>Header Files</Filter>
    </ClInclude>
    <ClInclude Include="..\src\kml\engine\location_util.h">
      <Filter>Header Files</Filter>
    </ClInclude>
    <ClInclude Include="..\src\kml\engine\merge.h">
      <Filter>Header Files</Filter>
    </ClInclude>
    <ClInclude Include="..\src\kml\engine\object_id_parser_observer.h">
      <Filter>Header Files</Filter>
    </ClInclude>
    <ClInclude Include="..\src\kml\engine\old_schema_parser_observer.h">
      <Filter>Header Files</Filter>
    </ClInclude>
    <ClInclude Include="..\src\kml\engine\parse_old_schema.h">
      <Filter>Header Files</Filter>
    </ClInclude>
    <ClInclude Include="..\src\kml\engine\schema_parser_observer.h">
      <Filter>Header Files</Filter>
    </ClInclude>
    <ClInclude Include="..\src\kml\engine\shared_style_parser_observer.h">
      <Filter>Header Files</Filter>
    </ClInclude>
    <ClInclude Include="..\src\stdafx.h">
      <Filter>Header Files</Filter>
    </ClInclude>
    <ClInclude Include="..\src\kml\engine\style_inliner.h">
      <Filter>Header Files</Filter>
    </ClInclude>
    <ClInclude Include="..\src\kml\engine\style_inliner_internal.h">
      <Filter>Header Files</Filter>
    </ClInclude>
    <ClInclude Include="..\src\kml\engine\style_merger.h">
      <Filter>Header Files</Filter>
    </ClInclude>
    <ClInclude Include="..\src\kml\engine\style_resolver.h">
      <Filter>Header Files</Filter>
    </ClInclude>
    <ClInclude Include="..\src\kml\engine\style_splitter.h">
      <Filter>Header Files</Filter>
    </ClInclude>
    <ClInclude Include="..\src\kml\engine\style_splitter_internal.h">
      <Filter>Header Files</Filter>
    </ClInclude>
    <ClInclude Include="..\src\kml\engine\update.h">
      <Filter>Header Files</Filter>
    </ClInclude>
    <ClInclude Include="..\src\kml\engine\update_processor.h">
      <Filter>Header Files</Filter>
    </ClInclude>
  </ItemGroup>
  <ItemGroup>
    <None Include="debug\BuildLog.htm" />
  </ItemGroup>
  <ItemGroup>
    <Text Include="ReadMe.txt" />
  </ItemGroup>
</Project>