<?xml version="1.0" encoding="utf-8"?>
<Project ToolsVersion="4.0" xmlns="http://schemas.microsoft.com/developer/msbuild/2003">
  <ItemGroup>
    <Filter Include="Source Files">
      <UniqueIdentifier>{4FC737F1-C7A5-4376-A066-2A32D752A2FF}</UniqueIdentifier>
      <Extensions>cpp;c;cc;cxx;def;odl;idl;hpj;bat;asm;asmx</Extensions>
    </Filter>
    <Filter Include="Header Files">
      <UniqueIdentifier>{93995380-89BD-4b04-88EB-625FBE52EBFB}</UniqueIdentifier>
      <Extensions>h;hpp;hxx;hm;inl;inc;xsd</Extensions>
    </Filter>
    <Filter Include="Resource Files">
      <UniqueIdentifier>{67DA6AB6-F800-4c08-8B7A-83BB121AAD01}</UniqueIdentifier>
      <Extensions>rc;ico;cur;bmp;dlg;rc2;rct;bin;rgs;gif;jpg;jpeg;jpe;resx;tiff;tif;png;wav</Extensions>
    </Filter>
  </ItemGroup>
  <ItemGroup>
    <ClCompile Include="..\src\kml\dom\abstractlatlonbox.cc">
      <Filter>Source Files</Filter>
    </ClCompile>
    <ClCompile Include="..\src\kml\dom\abstractview.cc">
      <Filter>Source Files</Filter>
    </ClCompile>
    <ClCompile Include="..\src\kml\dom\atom.cc">
      <Filter>Source Files</Filter>
    </ClCompile>
    <ClCompile Include="..\src\kml\dom\balloonstyle.cc">
      <Filter>Source Files</Filter>
    </ClCompile>
    <ClCompile Include="..\src\kml\dom\colorstyle.cc">
      <Filter>Source Files</Filter>
    </ClCompile>
    <ClCompile Include="..\src\kml\dom\container.cc">
      <Filter>Source Files</Filter>
    </ClCompile>
    <ClCompile Include="..\src\kml\dom\document.cc">
      <Filter>Source Files</Filter>
    </ClCompile>
    <ClCompile Include="..\src\kml\dom\element.cc">
      <Filter>Source Files</Filter>
    </ClCompile>
    <ClCompile Include="..\src\kml\dom\extendeddata.cc">
      <Filter>Source Files</Filter>
    </ClCompile>
    <ClCompile Include="..\src\kml\dom\feature.cc">
      <Filter>Source Files</Filter>
    </ClCompile>
    <ClCompile Include="..\src\kml\dom\folder.cc">
      <Filter>Source Files</Filter>
    </ClCompile>
    <ClCompile Include="..\src\kml\dom\geometry.cc">
      <Filter>Source Files</Filter>
    </ClCompile>
    <ClCompile Include="..\src\kml\dom\gx_timeprimitive.cc">
      <Filter>Source Files</Filter>
    </ClCompile>
    <ClCompile Include="..\src\kml\dom\gx_tour.cc">
      <Filter>Source Files</Filter>
    </ClCompile>
    <ClCompile Include="..\src\kml\dom\hotspot.cc">
      <Filter>Source Files</Filter>
    </ClCompile>
    <ClCompile Include="..\src\kml\dom\iconstyle.cc">
      <Filter>Source Files</Filter>
    </ClCompile>
    <ClCompile Include="..\src\kml\dom\kml.cc">
      <Filter>Source Files</Filter>
    </ClCompile>
    <ClCompile Include="..\src\kml\dom\kml22.cc">
      <Filter>Source Files</Filter>
    </ClCompile>
    <ClCompile Include="..\src\kml\dom\kml_cast.cc">
      <Filter>Source Files</Filter>
    </ClCompile>
    <ClCompile Include="..\src\kml\dom\kml_factory.cc">
      <Filter>Source Files</Filter>
    </ClCompile>
    <ClCompile Include="..\src\kml\dom\kml_handler.cc">
      <Filter>Source Files</Filter>
    </ClCompile>
    <ClCompile Include="..\src\kml\dom\kml_handler_ns.cc">
      <Filter>Source Files</Filter>
    </ClCompile>
    <ClCompile Include="..\src\kml\dom\labelstyle.cc">
      <Filter>Source Files</Filter>
    </ClCompile>
    <ClCompile Include="..\src\kml\dom\linestyle.cc">
      <Filter>Source Files</Filter>
    </ClCompile>
    <ClCompile Include="..\src\kml\dom\link.cc">
      <Filter>Source Files</Filter>
    </ClCompile>
    <ClCompile Include="..\src\kml\dom\liststyle.cc">
      <Filter>Source Files</Filter>
    </ClCompile>
    <ClCompile Include="..\src\kml\dom\model.cc">
      <Filter>Source Files</Filter>
    </ClCompile>
    <ClCompile Include="..\src\kml\dom\networklink.cc">
      <Filter>Source Files</Filter>
    </ClCompile>
    <ClCompile Include="..\src\kml\dom\networklinkcontrol.cc">
      <Filter>Source Files</Filter>
    </ClCompile>
    <ClCompile Include="..\src\kml\dom\object.cc">
      <Filter>Source Files</Filter>
    </ClCompile>
    <ClCompile Include="..\src\kml\dom\overlay.cc">
      <Filter>Source Files</Filter>
    </ClCompile>
    <ClCompile Include="..\src\kml\dom\parser.cc">
      <Filter>Source Files</Filter>
    </ClCompile>
    <ClCompile Include="..\src\kml\dom\placemark.cc">
      <Filter>Source Files</Filter>
    </ClCompile>
    <ClCompile Include="..\src\kml\dom\polystyle.cc">
      <Filter>Source Files</Filter>
    </ClCompile>
    <ClCompile Include="..\src\kml\dom\region.cc">
      <Filter>Source Files</Filter>
    </ClCompile>
    <ClCompile Include="..\src\kml\dom\schema.cc">
      <Filter>Source Files</Filter>
    </ClCompile>
    <ClCompile Include="..\src\kml\dom\serializer.cc">
      <Filter>Source Files</Filter>
    </ClCompile>
    <ClCompile Include="..\src\kml\dom\snippet.cc">
      <Filter>Source Files</Filter>
    </ClCompile>
    <ClCompile Include="..\src\stdafx.cpp">
      <Filter>Source Files</Filter>
    </ClCompile>
    <ClCompile Include="..\src\kml\dom\style.cc">
      <Filter>Source Files</Filter>
    </ClCompile>
    <ClCompile Include="..\src\kml\dom\stylemap.cc">
      <Filter>Source Files</Filter>
    </ClCompile>
    <ClCompile Include="..\src\kml\dom\styleselector.cc">
      <Filter>Source Files</Filter>
    </ClCompile>
    <ClCompile Include="..\src\kml\dom\substyle.cc">
      <Filter>Source Files</Filter>
    </ClCompile>
    <ClCompile Include="..\src\kml\dom\timeprimitive.cc">
      <Filter>Source Files</Filter>
    </ClCompile>
    <ClCompile Include="..\src\kml\dom\vec2.cc">
      <Filter>Source Files</Filter>
    </ClCompile>
    <ClCompile Include="..\src\kml\dom\visitor.cc">
      <Filter>Source Files</Filter>
    </ClCompile>
    <ClCompile Include="..\src\kml\dom\visitor_driver.cc">
      <Filter>Source Files</Filter>
    </ClCompile>
    <ClCompile Include="..\src\kml\dom\xal.cc">
      <Filter>Source Files</Filter>
    </ClCompile>
    <ClCompile Include="..\src\kml\dom\xml_serializer.cc">
      <Filter>Source Files</Filter>
    </ClCompile>
    <ClCompile Include="..\src\kml\dom\xsd.cc">
      <Filter>Source Files</Filter>
    </ClCompile>
  </ItemGroup>
  <ItemGroup>
    <ClInclude Include="..\src\kml\dom\abstractlatlonbox.h">
      <Filter>Header Files</Filter>
    </ClInclude>
    <ClInclude Include="..\src\kml\dom\abstractview.h">
      <Filter>Header Files</Filter>
    </ClInclude>
    <ClInclude Include="..\src\kml\dom\atom.h">
      <Filter>Header Files</Filter>
    </ClInclude>
    <ClInclude Include="..\src\kml\dom\balloonstyle.h">
      <Filter>Header Files</Filter>
    </ClInclude>
    <ClInclude Include="..\src\kml\dom\colorstyle.h">
      <Filter>Header Files</Filter>
    </ClInclude>
    <ClInclude Include="..\src\kml\dom\container.h">
      <Filter>Header Files</Filter>
    </ClInclude>
    <ClInclude Include="..\src\kml\dom\document.h">
      <Filter>Header Files</Filter>
    </ClInclude>
    <ClInclude Include="..\src\kml\dom.h">
      <Filter>Header Files</Filter>
    </ClInclude>
    <ClInclude Include="..\src\kml\dom\element.h">
      <Filter>Header Files</Filter>
    </ClInclude>
    <ClInclude Include="..\src\kml\dom\extendeddata.h">
      <Filter>Header Files</Filter>
    </ClInclude>
    <ClInclude Include="..\src\kml\dom\feature.h">
      <Filter>Header Files</Filter>
    </ClInclude>
    <ClInclude Include="..\src\kml\dom\folder.h">
      <Filter>Header Files</Filter>
    </ClInclude>
    <ClInclude Include="..\src\kml\dom\geometry.h">
      <Filter>Header Files</Filter>
    </ClInclude>
    <ClInclude Include="..\src\kml\dom\gx_timeprimitive.h">
      <Filter>Header Files</Filter>
    </ClInclude>
    <ClInclude Include="..\src\kml\dom\gx_tour.h">
      <Filter>Header Files</Filter>
    </ClInclude>
    <ClInclude Include="..\src\kml\dom\hotspot.h">
      <Filter>Header Files</Filter>
    </ClInclude>
    <ClInclude Include="..\src\kml\dom\iconstyle.h">
      <Filter>Header Files</Filter>
    </ClInclude>
    <ClInclude Include="..\src\kml\dom\kml.h">
      <Filter>Header Files</Filter>
    </ClInclude>
    <ClInclude Include="..\src\kml\dom\kml22.h">
      <Filter>Header Files</Filter>
    </ClInclude>
    <ClInclude Include="..\src\kml\dom\kml_cast.h">
      <Filter>Header Files</Filter>
    </ClInclude>
    <ClInclude Include="..\src\kml\dom\kml_factory.h">
      <Filter>Header Files</Filter>
    </ClInclude>
    <ClInclude Include="..\src\kml\dom\kml_funcs.h">
      <Filter>Header Files</Filter>
    </ClInclude>
    <ClInclude Include="..\src\kml\dom\kml_handler.h">
      <Filter>Header Files</Filter>
    </ClInclude>
    <ClInclude Include="..\src\kml\dom\kml_handler_ns.h">
      <Filter>Header Files</Filter>
    </ClInclude>
    <ClInclude Include="..\src\kml\dom\kml_ptr.h">
      <Filter>Header Files</Filter>
    </ClInclude>
    <ClInclude Include="..\src\kml\dom\kmldom.h">
      <Filter>Header Files</Filter>
    </ClInclude>
    <ClInclude Include="..\src\kml\dom\labelstyle.h">
      <Filter>Header Files</Filter>
    </ClInclude>
    <ClInclude Include="..\src\kml\dom\linestyle.h">
      <Filter>Header Files</Filter>
    </ClInclude>
    <ClInclude Include="..\src\kml\dom\link.h">
      <Filter>Header Files</Filter>
    </ClInclude>
    <ClInclude Include="..\src\kml\dom\liststyle.h">
      <Filter>Header Files</Filter>
    </ClInclude>
    <ClInclude Include="..\src\kml\dom\model.h">
      <Filter>Header Files</Filter>
    </ClInclude>
    <ClInclude Include="..\src\kml\dom\networklink.h">
      <Filter>Header Files</Filter>
    </ClInclude>
    <ClInclude Include="..\src\kml\dom\networklinkcontrol.h">
      <Filter>Header Files</Filter>
    </ClInclude>
    <ClInclude Include="..\src\kml\dom\object.h">
      <Filter>Header Files</Filter>
    </ClInclude>
    <ClInclude Include="..\src\kml\dom\overlay.h">
      <Filter>Header Files</Filter>
    </ClInclude>
    <ClInclude Include="..\src\kml\dom\parser.h">
      <Filter>Header Files</Filter>
    </ClInclude>
    <ClInclude Include="..\src\kml\dom\parser_observer.h">
      <Filter>Header Files</Filter>
    </ClInclude>
    <ClInclude Include="..\src\kml\dom\placemark.h">
      <Filter>Header Files</Filter>
    </ClInclude>
    <ClInclude Include="..\src\kml\dom\polystyle.h">
      <Filter>Header Files</Filter>
    </ClInclude>
    <ClInclude Include="..\src\kml\dom\region.h">
      <Filter>Header Files</Filter>
    </ClInclude>
    <ClInclude Include="..\src\kml\dom\schema.h">
      <Filter>Header Files</Filter>
    </ClInclude>
    <ClInclude Include="..\src\kml\dom\serializer.h">
      <Filter>Header Files</Filter>
    </ClInclude>
    <ClInclude Include="..\src\kml\dom\snippet.h">
      <Filter>Header Files</Filter>
    </ClInclude>
    <ClInclude Include="..\src\kml\dom\stats_serializer.h">
      <Filter>Header Files</Filter>
    </ClInclude>
    <ClInclude Include="..\src\stdafx.h">
      <Filter>Header Files</Filter>
    </ClInclude>
    <ClInclude Include="..\src\kml\dom\style.h">
      <Filter>Header Files</Filter>
    </ClInclude>
    <ClInclude Include="..\src\kml\dom\stylemap.h">
      <Filter>Header Files</Filter>
    </ClInclude>
    <ClInclude Include="..\src\kml\dom\styleselector.h">
      <Filter>Header Files</Filter>
    </ClInclude>
    <ClInclude Include="..\src\kml\dom\substyle.h">
      <Filter>Header Files</Filter>
    </ClInclude>
    <ClInclude Include="..\src\kml\dom\timeprimitive.h">
      <Filter>Header Files</Filter>
    </ClInclude>
    <ClInclude Include="..\src\kml\util\unit_test.h">
      <Filter>Header Files</Filter>
    </ClInclude>
    <ClInclude Include="..\src\kml\dom\vec2.h">
      <Filter>Header Files</Filter>
    </ClInclude>
    <ClInclude Include="..\src\kml\dom\visitor.h">
      <Filter>Header Files</Filter>
    </ClInclude>
    <ClInclude Include="..\src\kml\dom\visitor_driver.h">
      <Filter>Header Files</Filter>
    </ClInclude>
    <ClInclude Include="..\src\kml\dom\xal.h">
      <Filter>Header Files</Filter>
    </ClInclude>
    <ClInclude Include="..\src\kml\dom\xml_serializer.h">
      <Filter>Header Files</Filter>
    </ClInclude>
    <ClInclude Include="..\src\kml\dom\xsd.h">
      <Filter>Header Files</Filter>
    </ClInclude>
  </ItemGroup>
</Project>